
Microsoft Visual Studio Solution File, Format Version 12.00
# Visual Studio Version 16
VisualStudioVersion = 16.0.30309.148
MinimumVisualStudioVersion = 10.0.40219.1
Project("{9A19103F-16F7-4668-BE54-9A1E7A4F7556}") = "ProjectD", "ProjectD\ProjectD.csproj", "{B543232B-8782-4E4F-917D-19E28A27D857}"
EndProject
Global
	GlobalSection(SolutionConfigurationPlatforms) = preSolution
		Debug|Any CPU = Debug|Any CPU
		Release|Any CPU = Release|Any CPU
	EndGlobalSection
	GlobalSection(ProjectConfigurationPlatforms) = postSolution
		{B543232B-8782-4E4F-917D-19E28A27D857}.Debug|Any CPU.ActiveCfg = Debug|Any CPU
		{B543232B-8782-4E4F-917D-19E28A27D857}.Debug|Any CPU.Build.0 = Debug|Any CPU
		{B543232B-8782-4E4F-917D-19E28A27D857}.Release|Any CPU.ActiveCfg = Release|Any CPU
		{B543232B-8782-4E4F-917D-19E28A27D857}.Release|Any CPU.Build.0 = Release|Any CPU
	EndGlobalSection
	GlobalSection(SolutionProperties) = preSolution
		HideSolutionNode = FALSE
	EndGlobalSection
	GlobalSection(ExtensibilityGlobals) = postSolution
		SolutionGuid = {377B18B9-7E4D-4A0F-BE88-74F1764F0B0A}
	EndGlobalSection
EndGlobal
